// !$*UTF8*$!
{
	archiveVersion = 1;
	classes = {
	};
	objectVersion = 46;
	objects = {

/* Begin PBXBuildFile section */
		0DA38CE71E79DF4B005E6A30 /* AssetReader.swift in Sources */ = {isa = PBXBuildFile; fileRef = 0DA38CE61E79DF4B005E6A30 /* AssetReader.swift */; };
		0DA38CE91E79E846005E6A30 /* Array+GroupBy.swift in Sources */ = {isa = PBXBuildFile; fileRef = 0DA38CE81E79E846005E6A30 /* Array+GroupBy.swift */; };
		0DA38CEB1E79EB1E005E6A30 /* FrameworkReader.swift in Sources */ = {isa = PBXBuildFile; fileRef = 0DA38CEA1E79EB1E005E6A30 /* FrameworkReader.swift */; };
		0DFBD84B1E7A620900B0EC55 /* FileManager+Tests.swift in Sources */ = {isa = PBXBuildFile; fileRef = 0DFBD84A1E7A620900B0EC55 /* FileManager+Tests.swift */; };
		1A1008041E78FF5400461EAA /* main.swift in Sources */ = {isa = PBXBuildFile; fileRef = 1A1008031E78FF5400461EAA /* main.swift */; };
		1A10080C1E7904BD00461EAA /* XCAssetsReader.swift in Sources */ = {isa = PBXBuildFile; fileRef = 1A10080B1E7904BD00461EAA /* XCAssetsReader.swift */; };
		1A10080E1E791DB700461EAA /* SwiftOutput.swift in Sources */ = {isa = PBXBuildFile; fileRef = 1A10080D1E791DB700461EAA /* SwiftOutput.swift */; };
		1A1008101E7945A500461EAA /* CodeGeneration.swift in Sources */ = {isa = PBXBuildFile; fileRef = 1A10080F1E7945A500461EAA /* CodeGeneration.swift */; };
		1A1008121E7D0A0C00461EAA /* Asset.swift in Sources */ = {isa = PBXBuildFile; fileRef = 1A1008111E7D0A0C00461EAA /* Asset.swift */; };
/* End PBXBuildFile section */

/* Begin PBXCopyFilesBuildPhase section */
		1A1007FE1E78FF5400461EAA /* CopyFiles */ = {
			isa = PBXCopyFilesBuildPhase;
			buildActionMask = 2147483647;
			dstPath = /usr/share/man/man1/;
			dstSubfolderSpec = 0;
			files = (
			);
			runOnlyForDeploymentPostprocessing = 1;
		};
/* End PBXCopyFilesBuildPhase section */

/* Begin PBXFileReference section */
		0DA38CE61E79DF4B005E6A30 /* AssetReader.swift */ = {isa = PBXFileReference; fileEncoding = 4; lastKnownFileType = sourcecode.swift; path = AssetReader.swift; sourceTree = "<group>"; };
		0DA38CE81E79E846005E6A30 /* Array+GroupBy.swift */ = {isa = PBXFileReference; fileEncoding = 4; lastKnownFileType = sourcecode.swift; path = "Array+GroupBy.swift"; sourceTree = "<group>"; };
		0DA38CEA1E79EB1E005E6A30 /* FrameworkReader.swift */ = {isa = PBXFileReference; fileEncoding = 4; lastKnownFileType = sourcecode.swift; path = FrameworkReader.swift; sourceTree = "<group>"; };
		0DFBD84A1E7A620900B0EC55 /* FileManager+Tests.swift */ = {isa = PBXFileReference; fileEncoding = 4; lastKnownFileType = sourcecode.swift; path = "FileManager+Tests.swift"; sourceTree = "<group>"; };
		1A1008001E78FF5400461EAA /* Cataloger */ = {isa = PBXFileReference; explicitFileType = "compiled.mach-o.executable"; includeInIndex = 0; path = Cataloger; sourceTree = BUILT_PRODUCTS_DIR; };
		1A1008031E78FF5400461EAA /* main.swift */ = {isa = PBXFileReference; lastKnownFileType = sourcecode.swift; path = main.swift; sourceTree = "<group>"; };
		1A10080B1E7904BD00461EAA /* XCAssetsReader.swift */ = {isa = PBXFileReference; fileEncoding = 4; lastKnownFileType = sourcecode.swift; path = XCAssetsReader.swift; sourceTree = "<group>"; };
		1A10080D1E791DB700461EAA /* SwiftOutput.swift */ = {isa = PBXFileReference; fileEncoding = 4; lastKnownFileType = sourcecode.swift; path = SwiftOutput.swift; sourceTree = "<group>"; };
		1A10080F1E7945A500461EAA /* CodeGeneration.swift */ = {isa = PBXFileReference; fileEncoding = 4; lastKnownFileType = sourcecode.swift; path = CodeGeneration.swift; sourceTree = "<group>"; };
		1A1008111E7D0A0C00461EAA /* Asset.swift */ = {isa = PBXFileReference; fileEncoding = 4; lastKnownFileType = sourcecode.swift; path = Asset.swift; sourceTree = "<group>"; };
/* End PBXFileReference section */

/* Begin PBXFrameworksBuildPhase section */
		1A1007FD1E78FF5400461EAA /* Frameworks */ = {
			isa = PBXFrameworksBuildPhase;
			buildActionMask = 2147483647;
			files = (
			);
			runOnlyForDeploymentPostprocessing = 0;
		};
/* End PBXFrameworksBuildPhase section */

/* Begin PBXGroup section */
		1A1007F71E78FF5400461EAA = {
			isa = PBXGroup;
			children = (
				1A1008021E78FF5400461EAA /* Cataloger */,
				1A1008011E78FF5400461EAA /* Products */,
			);
			sourceTree = "<group>";
		};
		1A1008011E78FF5400461EAA /* Products */ = {
			isa = PBXGroup;
			children = (
				1A1008001E78FF5400461EAA /* Cataloger */,
			);
			name = Products;
			sourceTree = "<group>";
		};
		1A1008021E78FF5400461EAA /* Cataloger */ = {
			isa = PBXGroup;
			children = (
				1A1008031E78FF5400461EAA /* main.swift */,
				0DA38CE61E79DF4B005E6A30 /* AssetReader.swift */,
				1A1008111E7D0A0C00461EAA /* Asset.swift */,
				1A10080B1E7904BD00461EAA /* XCAssetsReader.swift */,
				0DA38CEA1E79EB1E005E6A30 /* FrameworkReader.swift */,
				1A10080D1E791DB700461EAA /* SwiftOutput.swift */,
				1A10080F1E7945A500461EAA /* CodeGeneration.swift */,
				0DA38CE81E79E846005E6A30 /* Array+GroupBy.swift */,
				0DFBD84A1E7A620900B0EC55 /* FileManager+Tests.swift */,
			);
			path = Cataloger;
			sourceTree = "<group>";
		};
/* End PBXGroup section */

/* Begin PBXNativeTarget section */
		1A1007FF1E78FF5400461EAA /* Cataloger */ = {
			isa = PBXNativeTarget;
			buildConfigurationList = 1A1008071E78FF5400461EAA /* Build configuration list for PBXNativeTarget "Cataloger" */;
			buildPhases = (
				1A1007FC1E78FF5400461EAA /* Sources */,
				1A1007FD1E78FF5400461EAA /* Frameworks */,
				1A1007FE1E78FF5400461EAA /* CopyFiles */,
			);
			buildRules = (
			);
			dependencies = (
			);
			name = Cataloger;
			productName = Cataloger;
			productReference = 1A1008001E78FF5400461EAA /* Cataloger */;
			productType = "com.apple.product-type.tool";
		};
/* End PBXNativeTarget section */

/* Begin PBXProject section */
		1A1007F81E78FF5400461EAA /* Project object */ = {
			isa = PBXProject;
			attributes = {
				LastSwiftUpdateCheck = 0820;
				LastUpgradeCheck = 0820;
				ORGANIZATIONNAME = "James Lawton";
				TargetAttributes = {
					1A1007FF1E78FF5400461EAA = {
						CreatedOnToolsVersion = 8.2.1;
						DevelopmentTeam = F8MS72428L;
						ProvisioningStyle = Automatic;
					};
				};
			};
			buildConfigurationList = 1A1007FB1E78FF5400461EAA /* Build configuration list for PBXProject "Cataloger" */;
			compatibilityVersion = "Xcode 3.2";
			developmentRegion = English;
			hasScannedForEncodings = 0;
			knownRegions = (
				en,
			);
			mainGroup = 1A1007F71E78FF5400461EAA;
			productRefGroup = 1A1008011E78FF5400461EAA /* Products */;
			projectDirPath = "";
			projectRoot = "";
			targets = (
				1A1007FF1E78FF5400461EAA /* Cataloger */,
			);
		};
/* End PBXProject section */

/* Begin PBXSourcesBuildPhase section */
		1A1007FC1E78FF5400461EAA /* Sources */ = {
			isa = PBXSourcesBuildPhase;
			buildActionMask = 2147483647;
			files = (
				0DA38CE71E79DF4B005E6A30 /* AssetReader.swift in Sources */,
				1A10080C1E7904BD00461EAA /* XCAssetsReader.swift in Sources */,
				1A1008121E7D0A0C00461EAA /* Asset.swift in Sources */,
				1A10080E1E791DB700461EAA /* SwiftOutput.swift in Sources */,
				0DFBD84B1E7A620900B0EC55 /* FileManager+Tests.swift in Sources */,
				1A1008101E7945A500461EAA /* CodeGeneration.swift in Sources */,
				0DA38CE91E79E846005E6A30 /* Array+GroupBy.swift in Sources */,
				0DA38CEB1E79EB1E005E6A30 /* FrameworkReader.swift in Sources */,
				1A1008041E78FF5400461EAA /* main.swift in Sources */,
			);
			runOnlyForDeploymentPostprocessing = 0;
		};
/* End PBXSourcesBuildPhase section */

/* Begin XCBuildConfiguration section */
		1A1008051E78FF5400461EAA /* Debug */ = {
			isa = XCBuildConfiguration;
			buildSettings = {
				ALWAYS_SEARCH_USER_PATHS = NO;
				CLANG_ANALYZER_NONNULL = YES;
				CLANG_CXX_LANGUAGE_STANDARD = "gnu++0x";
				CLANG_CXX_LIBRARY = "libc++";
				CLANG_ENABLE_MODULES = YES;
				CLANG_ENABLE_OBJC_ARC = YES;
				CLANG_WARN_BOOL_CONVERSION = YES;
				CLANG_WARN_CONSTANT_CONVERSION = YES;
				CLANG_WARN_DIRECT_OBJC_ISA_USAGE = YES_ERROR;
				CLANG_WARN_DOCUMENTATION_COMMENTS = YES;
				CLANG_WARN_EMPTY_BODY = YES;
				CLANG_WARN_ENUM_CONVERSION = YES;
				CLANG_WARN_INFINITE_RECURSION = YES;
				CLANG_WARN_INT_CONVERSION = YES;
				CLANG_WARN_OBJC_ROOT_CLASS = YES_ERROR;
				CLANG_WARN_SUSPICIOUS_MOVE = YES;
				CLANG_WARN_UNREACHABLE_CODE = YES;
				CLANG_WARN__DUPLICATE_METHOD_MATCH = YES;
				CODE_SIGN_IDENTITY = "-";
				COPY_PHASE_STRIP = NO;
				DEBUG_INFORMATION_FORMAT = dwarf;
				ENABLE_STRICT_OBJC_MSGSEND = YES;
				ENABLE_TESTABILITY = YES;
				GCC_C_LANGUAGE_STANDARD = gnu99;
				GCC_DYNAMIC_NO_PIC = NO;
				GCC_NO_COMMON_BLOCKS = YES;
				GCC_OPTIMIZATION_LEVEL = 0;
				GCC_PREPROCESSOR_DEFINITIONS = (
					"DEBUG=1",
					"$(inherited)",
				);
				GCC_WARN_64_TO_32_BIT_CONVERSION = YES;
				GCC_WARN_ABOUT_RETURN_TYPE = YES_ERROR;
				GCC_WARN_UNDECLARED_SELECTOR = YES;
				GCC_WARN_UNINITIALIZED_AUTOS = YES_AGGRESSIVE;
				GCC_WARN_UNUSED_FUNCTION = YES;
				GCC_WARN_UNUSED_VARIABLE = YES;
				MACOSX_DEPLOYMENT_TARGET = 10.11;
				MTL_ENABLE_DEBUG_INFO = YES;
				ONLY_ACTIVE_ARCH = YES;
				SDKROOT = macosx;
				SWIFT_OPTIMIZATION_LEVEL = "-Onone";
			};
			name = Debug;
		};
		1A1008061E78FF5400461EAA /* Release */ = {
			isa = XCBuildConfiguration;
			buildSettings = {
				ALWAYS_SEARCH_USER_PATHS = NO;
				CLANG_ANALYZER_NONNULL = YES;
				CLANG_CXX_LANGUAGE_STANDARD = "gnu++0x";
				CLANG_CXX_LIBRARY = "libc++";
				CLANG_ENABLE_MODULES = YES;
				CLANG_ENABLE_OBJC_ARC = YES;
				CLANG_WARN_BOOL_CONVERSION = YES;
				CLANG_WARN_CONSTANT_CONVERSION = YES;
				CLANG_WARN_DIRECT_OBJC_ISA_USAGE = YES_ERROR;
				CLANG_WARN_DOCUMENTATION_COMMENTS = YES;
				CLANG_WARN_EMPTY_BODY = YES;
				CLANG_WARN_ENUM_CONVERSION = YES;
				CLANG_WARN_INFINITE_RECURSION = YES;
				CLANG_WARN_INT_CONVERSION = YES;
				CLANG_WARN_OBJC_ROOT_CLASS = YES_ERROR;
				CLANG_WARN_SUSPICIOUS_MOVE = YES;
				CLANG_WARN_UNREACHABLE_CODE = YES;
				CLANG_WARN__DUPLICATE_METHOD_MATCH = YES;
				CODE_SIGN_IDENTITY = "-";
				COPY_PHASE_STRIP = NO;
				DEBUG_INFORMATION_FORMAT = "dwarf-with-dsym";
				ENABLE_NS_ASSERTIONS = NO;
				ENABLE_STRICT_OBJC_MSGSEND = YES;
				GCC_C_LANGUAGE_STANDARD = gnu99;
				GCC_NO_COMMON_BLOCKS = YES;
				GCC_WARN_64_TO_32_BIT_CONVERSION = YES;
				GCC_WARN_ABOUT_RETURN_TYPE = YES_ERROR;
				GCC_WARN_UNDECLARED_SELECTOR = YES;
				GCC_WARN_UNINITIALIZED_AUTOS = YES_AGGRESSIVE;
				GCC_WARN_UNUSED_FUNCTION = YES;
				GCC_WARN_UNUSED_VARIABLE = YES;
				MACOSX_DEPLOYMENT_TARGET = 10.11;
				MTL_ENABLE_DEBUG_INFO = NO;
				SDKROOT = macosx;
			};
			name = Release;
		};
		1A1008081E78FF5400461EAA /* Debug */ = {
			isa = XCBuildConfiguration;
			buildSettings = {
				DEVELOPMENT_TEAM = F8MS72428L;
				PRODUCT_NAME = "$(TARGET_NAME)";
				SWIFT_VERSION = 3.0;
			};
			name = Debug;
		};
		1A1008091E78FF5400461EAA /* Release */ = {
			isa = XCBuildConfiguration;
			buildSettings = {
				DEVELOPMENT_TEAM = F8MS72428L;
				PRODUCT_NAME = "$(TARGET_NAME)";
				SWIFT_VERSION = 3.0;
			};
			name = Release;
		};
/* End XCBuildConfiguration section */

/* Begin XCConfigurationList section */
		1A1007FB1E78FF5400461EAA /* Build configuration list for PBXProject "Cataloger" */ = {
			isa = XCConfigurationList;
			buildConfigurations = (
				1A1008051E78FF5400461EAA /* Debug */,
				1A1008061E78FF5400461EAA /* Release */,
			);
			defaultConfigurationIsVisible = 0;
			defaultConfigurationName = Release;
		};
		1A1008071E78FF5400461EAA /* Build configuration list for PBXNativeTarget "Cataloger" */ = {
			isa = XCConfigurationList;
			buildConfigurations = (
				1A1008081E78FF5400461EAA /* Debug */,
				1A1008091E78FF5400461EAA /* Release */,
			);
			defaultConfigurationIsVisible = 0;
			defaultConfigurationName = Release;
		};
/* End XCConfigurationList section */
	};
	rootObject = 1A1007F81E78FF5400461EAA /* Project object */;
}
